
Microsoft Visual Studio Solution File, Format Version 12.00
# Visual Studio Version 16
VisualStudioVersion = 16.0.31911.196
MinimumVisualStudioVersion = 10.0.40219.1
Project("{FAE04EC0-301F-11D3-BF4B-00C04F79EFBC}") = "WebApplication1", "WebApplication1\WebApplication1.csproj", "{9D668C34-B6CF-4D66-9EE1-6C4C2A4F9C18}"
EndProject
Global
	GlobalSection(SolutionConfigurationPlatforms) = preSolution
		Debug|Any CPU = Debug|Any CPU
		Release|Any CPU = Release|Any CPU
	EndGlobalSection
	GlobalSection(ProjectConfigurationPlatforms) = postSolution
		{9D668C34-B6CF-4D66-9EE1-6C4C2A4F9C18}.Debug|Any CPU.ActiveCfg = Debug|Any CPU
		{9D668C34-B6CF-4D66-9EE1-6C4C2A4F9C18}.Debug|Any CPU.Build.0 = Debug|Any CPU
		{9D668C34-B6CF-4D66-9EE1-6C4C2A4F9C18}.Release|Any CPU.ActiveCfg = Release|Any CPU
		{9D668C34-B6CF-4D66-9EE1-6C4C2A4F9C18}.Release|Any CPU.Build.0 = Release|Any CPU
	EndGlobalSection
	GlobalSection(SolutionProperties) = preSolution
		HideSolutionNode = FALSE
	EndGlobalSection
	GlobalSection(ExtensibilityGlobals) = postSolution
		SolutionGuid = {DCD458AE-317E-49C5-83ED-5857FA53DF33}
	EndGlobalSection
EndGlobal
