
Microsoft Visual Studio Solution File, Format Version 12.00
# Visual Studio Version 16
VisualStudioVersion = 16.0.31911.196
MinimumVisualStudioVersion = 10.0.40219.1
Project("{FAE04EC0-301F-11D3-BF4B-00C04F79EFBC}") = "BestOfTeams1", "BestOfTeams1\BestOfTeams1.csproj", "{64D0EF8F-2AB3-4F40-97D6-B18260D541DD}"
EndProject
Project("{FAE04EC0-301F-11D3-BF4B-00C04F79EFBC}") = "BestOfTeams1.DataAccessLayer", "BestOfTeams1.DataAccessLayer\BestOfTeams1.DataAccessLayer.csproj", "{F876B517-3883-4934-9444-41C21BEA2D51}"
EndProject
Project("{FAE04EC0-301F-11D3-BF4B-00C04F79EFBC}") = "BestOfTeams1.BusinessLayer", "BestOfTeams1.BusinessLayer\BestOfTeams1.BusinessLayer.csproj", "{558CD4EC-DCBB-447E-A64B-0F2A5A126F22}"
EndProject
Project("{FAE04EC0-301F-11D3-BF4B-00C04F79EFBC}") = "BestOfTeams1.Entity", "BestOfTeams1.Entity\BestOfTeams1.Entity.csproj", "{62E03A39-840C-4477-BC43-48EDE5ED3FFE}"
EndProject
Global
	GlobalSection(SolutionConfigurationPlatforms) = preSolution
		Debug|Any CPU = Debug|Any CPU
		Release|Any CPU = Release|Any CPU
	EndGlobalSection
	GlobalSection(ProjectConfigurationPlatforms) = postSolution
		{64D0EF8F-2AB3-4F40-97D6-B18260D541DD}.Debug|Any CPU.ActiveCfg = Debug|Any CPU
		{64D0EF8F-2AB3-4F40-97D6-B18260D541DD}.Debug|Any CPU.Build.0 = Debug|Any CPU
		{64D0EF8F-2AB3-4F40-97D6-B18260D541DD}.Release|Any CPU.ActiveCfg = Release|Any CPU
		{64D0EF8F-2AB3-4F40-97D6-B18260D541DD}.Release|Any CPU.Build.0 = Release|Any CPU
		{F876B517-3883-4934-9444-41C21BEA2D51}.Debug|Any CPU.ActiveCfg = Debug|Any CPU
		{F876B517-3883-4934-9444-41C21BEA2D51}.Debug|Any CPU.Build.0 = Debug|Any CPU
		{F876B517-3883-4934-9444-41C21BEA2D51}.Release|Any CPU.ActiveCfg = Release|Any CPU
		{F876B517-3883-4934-9444-41C21BEA2D51}.Release|Any CPU.Build.0 = Release|Any CPU
		{558CD4EC-DCBB-447E-A64B-0F2A5A126F22}.Debug|Any CPU.ActiveCfg = Debug|Any CPU
		{558CD4EC-DCBB-447E-A64B-0F2A5A126F22}.Debug|Any CPU.Build.0 = Debug|Any CPU
		{558CD4EC-DCBB-447E-A64B-0F2A5A126F22}.Release|Any CPU.ActiveCfg = Release|Any CPU
		{558CD4EC-DCBB-447E-A64B-0F2A5A126F22}.Release|Any CPU.Build.0 = Release|Any CPU
		{62E03A39-840C-4477-BC43-48EDE5ED3FFE}.Debug|Any CPU.ActiveCfg = Debug|Any CPU
		{62E03A39-840C-4477-BC43-48EDE5ED3FFE}.Debug|Any CPU.Build.0 = Debug|Any CPU
		{62E03A39-840C-4477-BC43-48EDE5ED3FFE}.Release|Any CPU.ActiveCfg = Release|Any CPU
		{62E03A39-840C-4477-BC43-48EDE5ED3FFE}.Release|Any CPU.Build.0 = Release|Any CPU
	EndGlobalSection
	GlobalSection(SolutionProperties) = preSolution
		HideSolutionNode = FALSE
	EndGlobalSection
	GlobalSection(ExtensibilityGlobals) = postSolution
		SolutionGuid = {CFA35A87-B938-45E0-A19C-189B74AB5944}
	EndGlobalSection
EndGlobal
